
Microsoft Visual Studio Solution File, Format Version 12.00
# Visual Studio 2013
VisualStudioVersion = 12.0.21005.1
MinimumVisualStudioVersion = 10.0.40219.1
Project("{FAE04EC0-301F-11D3-BF4B-00C04F79EFBC}") = "WebApplication1", "WebApplication1\WebApplication1.csproj", "{3F13C8BA-3621-45D9-BE08-DBF58603BA38}"
EndProject
Project("{2150E333-8FDC-42A3-9474-1A3956D46DE8}") = "Solution Items", "Solution Items", "{C20D3CE1-1358-4A87-974C-C716C39303CF}"
EndProject
Global
	GlobalSection(SolutionConfigurationPlatforms) = preSolution
		Debug|Any CPU = Debug|Any CPU
		Release|Any CPU = Release|Any CPU
	EndGlobalSection
	GlobalSection(ProjectConfigurationPlatforms) = postSolution
		{3F13C8BA-3621-45D9-BE08-DBF58603BA38}.Debug|Any CPU.ActiveCfg = Debug|Any CPU
		{3F13C8BA-3621-45D9-BE08-DBF58603BA38}.Debug|Any CPU.Build.0 = Debug|Any CPU
		{3F13C8BA-3621-45D9-BE08-DBF58603BA38}.Release|Any CPU.ActiveCfg = Release|Any CPU
		{3F13C8BA-3621-45D9-BE08-DBF58603BA38}.Release|Any CPU.Build.0 = Release|Any CPU
	EndGlobalSection
	GlobalSection(SolutionProperties) = preSolution
		HideSolutionNode = FALSE
	EndGlobalSection
EndGlobal
